
Microsoft Visual Studio Solution File, Format Version 12.00
# Visual Studio Version 17
VisualStudioVersion = 17.13.35919.96 d17.13
MinimumVisualStudioVersion = 10.0.40219.1
Project("{FAE04EC0-301F-11D3-BF4B-00C04F79EFBC}") = "APLICATIVO-FACULTAD-DE-DERECHO-BACK", "APLICATIVO-FACULTAD-DE-DERECHO-BACK\APLICATIVO-FACULTAD-DE-DERECHO-BACK.csproj", "{90CA0901-9017-4CA3-A30B-DEEF6D0C6688}"
EndProject
Global
	GlobalSection(SolutionConfigurationPlatforms) = preSolution
		Debug|Any CPU = Debug|Any CPU
		Release|Any CPU = Release|Any CPU
	EndGlobalSection
	GlobalSection(ProjectConfigurationPlatforms) = postSolution
		{90CA0901-9017-4CA3-A30B-DEEF6D0C6688}.Debug|Any CPU.ActiveCfg = Debug|Any CPU
		{90CA0901-9017-4CA3-A30B-DEEF6D0C6688}.Debug|Any CPU.Build.0 = Debug|Any CPU
		{90CA0901-9017-4CA3-A30B-DEEF6D0C6688}.Release|Any CPU.ActiveCfg = Release|Any CPU
		{90CA0901-9017-4CA3-A30B-DEEF6D0C6688}.Release|Any CPU.Build.0 = Release|Any CPU
	EndGlobalSection
	GlobalSection(SolutionProperties) = preSolution
		HideSolutionNode = FALSE
	EndGlobalSection
	GlobalSection(ExtensibilityGlobals) = postSolution
		SolutionGuid = {DC547734-5471-4356-A74C-A2E196649787}
	EndGlobalSection
EndGlobal
